{
  "name": "scatter_plots",
  "lockfileVersion": 3,
  "requires": true,
  "packages": {
    "": {
      "dependencies": {
        "iwanthue": "^2.0.0"
      }
    },
    "node_modules/iwanthue": {
      "version": "2.0.0",
      "resolved": "https://registry.npmjs.org/iwanthue/-/iwanthue-2.0.0.tgz",
      "integrity": "sha512-baARnKbEygsic78ekXFxvEfVyiWPchkeoUYy6StEhjF4ayCanBZQhEiXlzPXIUXtgVCYyvwex0dnw1Ghg8UCCg==",
      "license": "MIT",
      "dependencies": {
        "obliterator": "^2.0.3"
      }
    },
    "node_modules/obliterator": {
      "version": "2.0.5",
      "resolved": "https://registry.npmjs.org/obliterator/-/obliterator-2.0.5.tgz",
      "integrity": "sha512-42CPE9AhahZRsMNslczq0ctAEtqk8Eka26QofnqC346BZdHDySk3LWka23LI7ULIw11NmltpiLagIq8gBozxTw==",
      "license": "MIT"
    }
  }
}
